# THIS IS AN AUTOGENERATED FILE. DO NOT EDIT THIS FILE DIRECTLY.
# yarn lockfile v1


eslint-plugin-standard@^4.0.1:
  version "4.0.1"
  resolved "https://registry.yarnpkg.com/eslint-plugin-standard/-/eslint-plugin-standard-4.0.1.tgz#ff0519f7ffaff114f76d1bd7c3996eef0f6e20b4"
  integrity sha512-v/KBnfyaOMPmZc/dmc6ozOdWqekGp7bBGq4jLAecEfPGmfKiWS4sA8sC0LqiV9w5qmXAtXVn4M3p1jSyhY85SQ==
